
Microsoft Visual Studio Solution File, Format Version 12.00
# Visual Studio Version 16
VisualStudioVersion = 16.0.29418.71
MinimumVisualStudioVersion = 10.0.40219.1
Project("{FAE04EC0-301F-11D3-BF4B-00C04F79EFBC}") = "markoGalavicXMLForms", "markoGalavicXMLForms\markoGalavicXMLForms.csproj", "{7C55D997-82E0-41B7-B0B1-146C83CFA2A4}"
EndProject
Global
	GlobalSection(SolutionConfigurationPlatforms) = preSolution
		Debug|Any CPU = Debug|Any CPU
		Release|Any CPU = Release|Any CPU
	EndGlobalSection
	GlobalSection(ProjectConfigurationPlatforms) = postSolution
		{7C55D997-82E0-41B7-B0B1-146C83CFA2A4}.Debug|Any CPU.ActiveCfg = Debug|Any CPU
		{7C55D997-82E0-41B7-B0B1-146C83CFA2A4}.Debug|Any CPU.Build.0 = Debug|Any CPU
		{7C55D997-82E0-41B7-B0B1-146C83CFA2A4}.Release|Any CPU.ActiveCfg = Release|Any CPU
		{7C55D997-82E0-41B7-B0B1-146C83CFA2A4}.Release|Any CPU.Build.0 = Release|Any CPU
	EndGlobalSection
	GlobalSection(SolutionProperties) = preSolution
		HideSolutionNode = FALSE
	EndGlobalSection
	GlobalSection(ExtensibilityGlobals) = postSolution
		SolutionGuid = {8AB22EFB-63E5-4D19-94CD-15AFC05E641E}
	EndGlobalSection
EndGlobal
